
Microsoft Visual Studio Solution File, Format Version 12.00
# Visual Studio Version 17
VisualStudioVersion = 17.0.31903.59
MinimumVisualStudioVersion = 10.0.40219.1
Project("{2150E333-8FDC-42A3-9474-1A3956D46DE8}") = "src", "src", "{B2DC4EB8-2943-459A-B45F-89DEFDB2C50A}"
EndProject
Project("{9A19103F-16F7-4668-BE54-9A1E7A4F7556}") = "ApiLayer", "src\ApiLayer\ApiLayer.csproj", "{F37EA7FA-54F9-4F9B-A50B-3658DE2B9EBE}"
EndProject
Project("{9A19103F-16F7-4668-BE54-9A1E7A4F7556}") = "ApiLayerTests", "tests\ApiLayerTests\ApiLayerTests.csproj", "{C1882084-3550-447A-B21F-9DEA81FB4918}"
EndProject
Global
	GlobalSection(SolutionConfigurationPlatforms) = preSolution
		Debug|Any CPU = Debug|Any CPU
		Release|Any CPU = Release|Any CPU
	EndGlobalSection
	GlobalSection(ProjectConfigurationPlatforms) = postSolution
		{F37EA7FA-54F9-4F9B-A50B-3658DE2B9EBE}.Debug|Any CPU.ActiveCfg = Debug|Any CPU
		{F37EA7FA-54F9-4F9B-A50B-3658DE2B9EBE}.Debug|Any CPU.Build.0 = Debug|Any CPU
		{F37EA7FA-54F9-4F9B-A50B-3658DE2B9EBE}.Release|Any CPU.ActiveCfg = Release|Any CPU
		{F37EA7FA-54F9-4F9B-A50B-3658DE2B9EBE}.Release|Any CPU.Build.0 = Release|Any CPU
		{C1882084-3550-447A-B21F-9DEA81FB4918}.Debug|Any CPU.ActiveCfg = Debug|Any CPU
		{C1882084-3550-447A-B21F-9DEA81FB4918}.Debug|Any CPU.Build.0 = Debug|Any CPU
		{C1882084-3550-447A-B21F-9DEA81FB4918}.Release|Any CPU.ActiveCfg = Release|Any CPU
		{C1882084-3550-447A-B21F-9DEA81FB4918}.Release|Any CPU.Build.0 = Release|Any CPU
	EndGlobalSection
	GlobalSection(SolutionProperties) = preSolution
		HideSolutionNode = FALSE
	EndGlobalSection
	GlobalSection(NestedProjects) = preSolution
		{F37EA7FA-54F9-4F9B-A50B-3658DE2B9EBE} = {B2DC4EB8-2943-459A-B45F-89DEFDB2C50A}
	EndGlobalSection
	GlobalSection(ExtensibilityGlobals) = postSolution
		SolutionGuid = {8C134883-E74A-43BC-9ED3-055885D48BFA}
	EndGlobalSection
EndGlobal
